
Microsoft Visual Studio Solution File, Format Version 12.00
# Visual Studio Version 17
VisualStudioVersion = 17.3.32929.385
MinimumVisualStudioVersion = 10.0.40219.1
Project("{FAE04EC0-301F-11D3-BF4B-00C04F79EFBC}") = "MicroServices.Common", "MicroServices.Common\MicroServices.Common.csproj", "{FFAD454A-D735-43C3-8A00-74C9A1C23E96}"
EndProject
Global
	GlobalSection(SolutionConfigurationPlatforms) = preSolution
		Debug|Any CPU = Debug|Any CPU
		Release|Any CPU = Release|Any CPU
	EndGlobalSection
	GlobalSection(ProjectConfigurationPlatforms) = postSolution
		{FFAD454A-D735-43C3-8A00-74C9A1C23E96}.Debug|Any CPU.ActiveCfg = Debug|Any CPU
		{FFAD454A-D735-43C3-8A00-74C9A1C23E96}.Debug|Any CPU.Build.0 = Debug|Any CPU
		{FFAD454A-D735-43C3-8A00-74C9A1C23E96}.Release|Any CPU.ActiveCfg = Release|Any CPU
		{FFAD454A-D735-43C3-8A00-74C9A1C23E96}.Release|Any CPU.Build.0 = Release|Any CPU
	EndGlobalSection
	GlobalSection(SolutionProperties) = preSolution
		HideSolutionNode = FALSE
	EndGlobalSection
	GlobalSection(ExtensibilityGlobals) = postSolution
		SolutionGuid = {8D07BC74-0E9B-4AB2-B3E6-94532C6443AF}
	EndGlobalSection
EndGlobal
